// !$*UTF8*$!
{
	archiveVersion = 1;
	classes = {
	};
	objectVersion = 56;
	objects = {

/* Begin PBXBuildFile section */
		38B28B8E2B74644600330DA4 /* DemoSwiftApp.swift in Sources */ = {isa = PBXBuildFile; fileRef = 38B28B8D2B74644600330DA4 /* DemoSwiftApp.swift */; };
		38B28B902B74644600330DA4 /* ContentView.swift in Sources */ = {isa = PBXBuildFile; fileRef = 38B28B8F2B74644600330DA4 /* ContentView.swift */; };
		38B28B922B74644600330DA4 /* Item.swift in Sources */ = {isa = PBXBuildFile; fileRef = 38B28B912B74644600330DA4 /* Item.swift */; };
		38B28B942B74644900330DA4 /* Assets.xcassets in Resources */ = {isa = PBXBuildFile; fileRef = 38B28B932B74644900330DA4 /* Assets.xcassets */; };
		38B28B972B74644900330DA4 /* Preview Assets.xcassets in Resources */ = {isa = PBXBuildFile; fileRef = 38B28B962B74644900330DA4 /* Preview Assets.xcassets */; };
		38B28BA12B74644A00330DA4 /* DemoSwiftTests.swift in Sources */ = {isa = PBXBuildFile; fileRef = 38B28BA02B74644A00330DA4 /* DemoSwiftTests.swift */; };
		38B28BAB2B74644A00330DA4 /* DemoSwiftUITests.swift in Sources */ = {isa = PBXBuildFile; fileRef = 38B28BAA2B74644A00330DA4 /* DemoSwiftUITests.swift */; };
		38B28BAD2B74644A00330DA4 /* DemoSwiftUITestsLaunchTests.swift in Sources */ = {isa = PBXBuildFile; fileRef = 38B28BAC2B74644A00330DA4 /* DemoSwiftUITestsLaunchTests.swift */; };
		38B28BBB2B74D85E00330DA4 /* Alamofire in Frameworks */ = {isa = PBXBuildFile; productRef = 38B28BBA2B74D85E00330DA4 /* Alamofire */; };
/* End PBXBuildFile section */

/* Begin PBXContainerItemProxy section */
		38B28B9D2B74644A00330DA4 /* PBXContainerItemProxy */ = {
			isa = PBXContainerItemProxy;
			containerPortal = 38B28B822B74644600330DA4 /* Project object */;
			proxyType = 1;
			remoteGlobalIDString = 38B28B892B74644600330DA4;
			remoteInfo = DemoSwift;
		};
		38B28BA72B74644A00330DA4 /* PBXContainerItemProxy */ = {
			isa = PBXContainerItemProxy;
			containerPortal = 38B28B822B74644600330DA4 /* Project object */;
			proxyType = 1;
			remoteGlobalIDString = 38B28B892B74644600330DA4;
			remoteInfo = DemoSwift;
		};
/* End PBXContainerItemProxy section */

/* Begin PBXFileReference section */
		38B28B8A2B74644600330DA4 /* DemoSwift.app */ = {isa = PBXFileReference; explicitFileType = wrapper.application; includeInIndex = 0; path = DemoSwift.app; sourceTree = BUILT_PRODUCTS_DIR; };
		38B28B8D2B74644600330DA4 /* DemoSwiftApp.swift */ = {isa = PBXFileReference; lastKnownFileType = sourcecode.swift; path = DemoSwiftApp.swift; sourceTree = "<group>"; };
		38B28B8F2B74644600330DA4 /* ContentView.swift */ = {isa = PBXFileReference; lastKnownFileType = sourcecode.swift; path = ContentView.swift; sourceTree = "<group>"; };
		38B28B912B74644600330DA4 /* Item.swift */ = {isa = PBXFileReference; lastKnownFileType = sourcecode.swift; path = Item.swift; sourceTree = "<group>"; };
		38B28B932B74644900330DA4 /* Assets.xcassets */ = {isa = PBXFileReference; lastKnownFileType = folder.assetcatalog; path = Assets.xcassets; sourceTree = "<group>"; };
		38B28B962B74644900330DA4 /* Preview Assets.xcassets */ = {isa = PBXFileReference; lastKnownFileType = folder.assetcatalog; path = "Preview Assets.xcassets"; sourceTree = "<group>"; };
		38B28B9C2B74644A00330DA4 /* DemoSwiftTests.xctest */ = {isa = PBXFileReference; explicitFileType = wrapper.cfbundle; includeInIndex = 0; path = DemoSwiftTests.xctest; sourceTree = BUILT_PRODUCTS_DIR; };
		38B28BA02B74644A00330DA4 /* DemoSwiftTests.swift */ = {isa = PBXFileReference; lastKnownFileType = sourcecode.swift; path = DemoSwiftTests.swift; sourceTree = "<group>"; };
		38B28BA62B74644A00330DA4 /* DemoSwiftUITests.xctest */ = {isa = PBXFileReference; explicitFileType = wrapper.cfbundle; includeInIndex = 0; path = DemoSwiftUITests.xctest; sourceTree = BUILT_PRODUCTS_DIR; };
		38B28BAA2B74644A00330DA4 /* DemoSwiftUITests.swift */ = {isa = PBXFileReference; lastKnownFileType = sourcecode.swift; path = DemoSwiftUITests.swift; sourceTree = "<group>"; };
		38B28BAC2B74644A00330DA4 /* DemoSwiftUITestsLaunchTests.swift */ = {isa = PBXFileReference; lastKnownFileType = sourcecode.swift; path = DemoSwiftUITestsLaunchTests.swift; sourceTree = "<group>"; };
/* End PBXFileReference section */

/* Begin PBXFrameworksBuildPhase section */
		38B28B872B74644600330DA4 /* Frameworks */ = {
			isa = PBXFrameworksBuildPhase;
			buildActionMask = 2147483647;
			files = (
				38B28BBB2B74D85E00330DA4 /* Alamofire in Frameworks */,
			);
			runOnlyForDeploymentPostprocessing = 0;
		};
		38B28B992B74644A00330DA4 /* Frameworks */ = {
			isa = PBXFrameworksBuildPhase;
			buildActionMask = 2147483647;
			files = (
			);
			runOnlyForDeploymentPostprocessing = 0;
		};
		38B28BA32B74644A00330DA4 /* Frameworks */ = {
			isa = PBXFrameworksBuildPhase;
			buildActionMask = 2147483647;
			files = (
			);
			runOnlyForDeploymentPostprocessing = 0;
		};
/* End PBXFrameworksBuildPhase section */

/* Begin PBXGroup section */
		38B28B812B74644600330DA4 = {
			isa = PBXGroup;
			children = (
				38B28B8C2B74644600330DA4 /* DemoSwift */,
				38B28B9F2B74644A00330DA4 /* DemoSwiftTests */,
				38B28BA92B74644A00330DA4 /* DemoSwiftUITests */,
				38B28B8B2B74644600330DA4 /* Products */,
			);
			sourceTree = "<group>";
		};
		38B28B8B2B74644600330DA4 /* Products */ = {
			isa = PBXGroup;
			children = (
				38B28B8A2B74644600330DA4 /* DemoSwift.app */,
				38B28B9C2B74644A00330DA4 /* DemoSwiftTests.xctest */,
				38B28BA62B74644A00330DA4 /* DemoSwiftUITests.xctest */,
			);
			name = Products;
			sourceTree = "<group>";
		};
		38B28B8C2B74644600330DA4 /* DemoSwift */ = {
			isa = PBXGroup;
			children = (
				38B28B8D2B74644600330DA4 /* DemoSwiftApp.swift */,
				38B28B8F2B74644600330DA4 /* ContentView.swift */,
				38B28B912B74644600330DA4 /* Item.swift */,
				38B28B932B74644900330DA4 /* Assets.xcassets */,
				38B28B952B74644900330DA4 /* Preview Content */,
			);
			path = DemoSwift;
			sourceTree = "<group>";
		};
		38B28B952B74644900330DA4 /* Preview Content */ = {
			isa = PBXGroup;
			children = (
				38B28B962B74644900330DA4 /* Preview Assets.xcassets */,
			);
			path = "Preview Content";
			sourceTree = "<group>";
		};
		38B28B9F2B74644A00330DA4 /* DemoSwiftTests */ = {
			isa = PBXGroup;
			children = (
				38B28BA02B74644A00330DA4 /* DemoSwiftTests.swift */,
			);
			path = DemoSwiftTests;
			sourceTree = "<group>";
		};
		38B28BA92B74644A00330DA4 /* DemoSwiftUITests */ = {
			isa = PBXGroup;
			children = (
				38B28BAA2B74644A00330DA4 /* DemoSwiftUITests.swift */,
				38B28BAC2B74644A00330DA4 /* DemoSwiftUITestsLaunchTests.swift */,
			);
			path = DemoSwiftUITests;
			sourceTree = "<group>";
		};
/* End PBXGroup section */

/* Begin PBXNativeTarget section */
		38B28B892B74644600330DA4 /* DemoSwift */ = {
			isa = PBXNativeTarget;
			buildConfigurationList = 38B28BB02B74644A00330DA4 /* Build configuration list for PBXNativeTarget "DemoSwift" */;
			buildPhases = (
				38B28B862B74644600330DA4 /* Sources */,
				38B28B872B74644600330DA4 /* Frameworks */,
				38B28B882B74644600330DA4 /* Resources */,
			);
			buildRules = (
			);
			dependencies = (
			);
			name = DemoSwift;
			packageProductDependencies = (
				38B28BBA2B74D85E00330DA4 /* Alamofire */,
			);
			productName = DemoSwift;
			productReference = 38B28B8A2B74644600330DA4 /* DemoSwift.app */;
			productType = "com.apple.product-type.application";
		};
		38B28B9B2B74644A00330DA4 /* DemoSwiftTests */ = {
			isa = PBXNativeTarget;
			buildConfigurationList = 38B28BB32B74644A00330DA4 /* Build configuration list for PBXNativeTarget "DemoSwiftTests" */;
			buildPhases = (
				38B28B982B74644A00330DA4 /* Sources */,
				38B28B992B74644A00330DA4 /* Frameworks */,
				38B28B9A2B74644A00330DA4 /* Resources */,
			);
			buildRules = (
			);
			dependencies = (
				38B28B9E2B74644A00330DA4 /* PBXTargetDependency */,
			);
			name = DemoSwiftTests;
			productName = DemoSwiftTests;
			productReference = 38B28B9C2B74644A00330DA4 /* DemoSwiftTests.xctest */;
			productType = "com.apple.product-type.bundle.unit-test";
		};
		38B28BA52B74644A00330DA4 /* DemoSwiftUITests */ = {
			isa = PBXNativeTarget;
			buildConfigurationList = 38B28BB62B74644A00330DA4 /* Build configuration list for PBXNativeTarget "DemoSwiftUITests" */;
			buildPhases = (
				38B28BA22B74644A00330DA4 /* Sources */,
				38B28BA32B74644A00330DA4 /* Frameworks */,
				38B28BA42B74644A00330DA4 /* Resources */,
			);
			buildRules = (
			);
			dependencies = (
				38B28BA82B74644A00330DA4 /* PBXTargetDependency */,
			);
			name = DemoSwiftUITests;
			productName = DemoSwiftUITests;
			productReference = 38B28BA62B74644A00330DA4 /* DemoSwiftUITests.xctest */;
			productType = "com.apple.product-type.bundle.ui-testing";
		};
/* End PBXNativeTarget section */

/* Begin PBXProject section */
		38B28B822B74644600330DA4 /* Project object */ = {
			isa = PBXProject;
			attributes = {
				BuildIndependentTargetsInParallel = 1;
				LastSwiftUpdateCheck = 1520;
				LastUpgradeCheck = 1520;
				TargetAttributes = {
					38B28B892B74644600330DA4 = {
						CreatedOnToolsVersion = 15.2;
					};
					38B28B9B2B74644A00330DA4 = {
						CreatedOnToolsVersion = 15.2;
						TestTargetID = 38B28B892B74644600330DA4;
					};
					38B28BA52B74644A00330DA4 = {
						CreatedOnToolsVersion = 15.2;
						TestTargetID = 38B28B892B74644600330DA4;
					};
				};
			};
			buildConfigurationList = 38B28B852B74644600330DA4 /* Build configuration list for PBXProject "DemoSwift" */;
			compatibilityVersion = "Xcode 14.0";
			developmentRegion = en;
			hasScannedForEncodings = 0;
			knownRegions = (
				en,
				Base,
			);
			mainGroup = 38B28B812B74644600330DA4;
			packageReferences = (
				38B28BB92B74D85E00330DA4 /* XCRemoteSwiftPackageReference "alamofire" */,
			);
			productRefGroup = 38B28B8B2B74644600330DA4 /* Products */;
			projectDirPath = "";
			projectRoot = "";
			targets = (
				38B28B892B74644600330DA4 /* DemoSwift */,
				38B28B9B2B74644A00330DA4 /* DemoSwiftTests */,
				38B28BA52B74644A00330DA4 /* DemoSwiftUITests */,
			);
		};
/* End PBXProject section */

/* Begin PBXResourcesBuildPhase section */
		38B28B882B74644600330DA4 /* Resources */ = {
			isa = PBXResourcesBuildPhase;
			buildActionMask = 2147483647;
			files = (
				38B28B972B74644900330DA4 /* Preview Assets.xcassets in Resources */,
				38B28B942B74644900330DA4 /* Assets.xcassets in Resources */,
			);
			runOnlyForDeploymentPostprocessing = 0;
		};
		38B28B9A2B74644A00330DA4 /* Resources */ = {
			isa = PBXResourcesBuildPhase;
			buildActionMask = 2147483647;
			files = (
			);
			runOnlyForDeploymentPostprocessing = 0;
		};
		38B28BA42B74644A00330DA4 /* Resources */ = {
			isa = PBXResourcesBuildPhase;
			buildActionMask = 2147483647;
			files = (
			);
			runOnlyForDeploymentPostprocessing = 0;
		};
/* End PBXResourcesBuildPhase section */

/* Begin PBXSourcesBuildPhase section */
		38B28B862B74644600330DA4 /* Sources */ = {
			isa = PBXSourcesBuildPhase;
			buildActionMask = 2147483647;
			files = (
				38B28B902B74644600330DA4 /* ContentView.swift in Sources */,
				38B28B922B74644600330DA4 /* Item.swift in Sources */,
				38B28B8E2B74644600330DA4 /* DemoSwiftApp.swift in Sources */,
			);
			runOnlyForDeploymentPostprocessing = 0;
		};
		38B28B982B74644A00330DA4 /* Sources */ = {
			isa = PBXSourcesBuildPhase;
			buildActionMask = 2147483647;
			files = (
				38B28BA12B74644A00330DA4 /* DemoSwiftTests.swift in Sources */,
			);
			runOnlyForDeploymentPostprocessing = 0;
		};
		38B28BA22B74644A00330DA4 /* Sources */ = {
			isa = PBXSourcesBuildPhase;
			buildActionMask = 2147483647;
			files = (
				38B28BAB2B74644A00330DA4 /* DemoSwiftUITests.swift in Sources */,
				38B28BAD2B74644A00330DA4 /* DemoSwiftUITestsLaunchTests.swift in Sources */,
			);
			runOnlyForDeploymentPostprocessing = 0;
		};
/* End PBXSourcesBuildPhase section */

/* Begin PBXTargetDependency section */
		38B28B9E2B74644A00330DA4 /* PBXTargetDependency */ = {
			isa = PBXTargetDependency;
			target = 38B28B892B74644600330DA4 /* DemoSwift */;
			targetProxy = 38B28B9D2B74644A00330DA4 /* PBXContainerItemProxy */;
		};
		38B28BA82B74644A00330DA4 /* PBXTargetDependency */ = {
			isa = PBXTargetDependency;
			target = 38B28B892B74644600330DA4 /* DemoSwift */;
			targetProxy = 38B28BA72B74644A00330DA4 /* PBXContainerItemProxy */;
		};
/* End PBXTargetDependency section */

/* Begin XCBuildConfiguration section */
		38B28BAE2B74644A00330DA4 /* Debug */ = {
			isa = XCBuildConfiguration;
			buildSettings = {
				ALWAYS_SEARCH_USER_PATHS = NO;
				ASSETCATALOG_COMPILER_GENERATE_SWIFT_ASSET_SYMBOL_EXTENSIONS = YES;
				CLANG_ANALYZER_NONNULL = YES;
				CLANG_ANALYZER_NUMBER_OBJECT_CONVERSION = YES_AGGRESSIVE;
				CLANG_CXX_LANGUAGE_STANDARD = "gnu++20";
				CLANG_ENABLE_MODULES = YES;
				CLANG_ENABLE_OBJC_ARC = YES;
				CLANG_ENABLE_OBJC_WEAK = YES;
				CLANG_WARN_BLOCK_CAPTURE_AUTORELEASING = YES;
				CLANG_WARN_BOOL_CONVERSION = YES;
				CLANG_WARN_COMMA = YES;
				CLANG_WARN_CONSTANT_CONVERSION = YES;
				CLANG_WARN_DEPRECATED_OBJC_IMPLEMENTATIONS = YES;
				CLANG_WARN_DIRECT_OBJC_ISA_USAGE = YES_ERROR;
				CLANG_WARN_DOCUMENTATION_COMMENTS = YES;
				CLANG_WARN_EMPTY_BODY = YES;
				CLANG_WARN_ENUM_CONVERSION = YES;
				CLANG_WARN_INFINITE_RECURSION = YES;
				CLANG_WARN_INT_CONVERSION = YES;
				CLANG_WARN_NON_LITERAL_NULL_CONVERSION = YES;
				CLANG_WARN_OBJC_IMPLICIT_RETAIN_SELF = YES;
				CLANG_WARN_OBJC_LITERAL_CONVERSION = YES;
				CLANG_WARN_OBJC_ROOT_CLASS = YES_ERROR;
				CLANG_WARN_QUOTED_INCLUDE_IN_FRAMEWORK_HEADER = YES;
				CLANG_WARN_RANGE_LOOP_ANALYSIS = YES;
				CLANG_WARN_STRICT_PROTOTYPES = YES;
				CLANG_WARN_SUSPICIOUS_MOVE = YES;
				CLANG_WARN_UNGUARDED_AVAILABILITY = YES_AGGRESSIVE;
				CLANG_WARN_UNREACHABLE_CODE = YES;
				CLANG_WARN__DUPLICATE_METHOD_MATCH = YES;
				COPY_PHASE_STRIP = NO;
				DEBUG_INFORMATION_FORMAT = dwarf;
				ENABLE_STRICT_OBJC_MSGSEND = YES;
				ENABLE_TESTABILITY = YES;
				ENABLE_USER_SCRIPT_SANDBOXING = YES;
				GCC_C_LANGUAGE_STANDARD = gnu17;
				GCC_DYNAMIC_NO_PIC = NO;
				GCC_NO_COMMON_BLOCKS = YES;
				GCC_OPTIMIZATION_LEVEL = 0;
				GCC_PREPROCESSOR_DEFINITIONS = (
					"DEBUG=1",
					"$(inherited)",
				);
				GCC_WARN_64_TO_32_BIT_CONVERSION = YES;
				GCC_WARN_ABOUT_RETURN_TYPE = YES_ERROR;
				GCC_WARN_UNDECLARED_SELECTOR = YES;
				GCC_WARN_UNINITIALIZED_AUTOS = YES_AGGRESSIVE;
				GCC_WARN_UNUSED_FUNCTION = YES;
				GCC_WARN_UNUSED_VARIABLE = YES;
				IPHONEOS_DEPLOYMENT_TARGET = 17.2;
				LOCALIZATION_PREFERS_STRING_CATALOGS = YES;
				MTL_ENABLE_DEBUG_INFO = INCLUDE_SOURCE;
				MTL_FAST_MATH = YES;
				ONLY_ACTIVE_ARCH = YES;
				SDKROOT = iphoneos;
				SWIFT_ACTIVE_COMPILATION_CONDITIONS = "DEBUG $(inherited)";
				SWIFT_OPTIMIZATION_LEVEL = "-Onone";
			};
			name = Debug;
		};
		38B28BAF2B74644A00330DA4 /* Release */ = {
			isa = XCBuildConfiguration;
			buildSettings = {
				ALWAYS_SEARCH_USER_PATHS = NO;
				ASSETCATALOG_COMPILER_GENERATE_SWIFT_ASSET_SYMBOL_EXTENSIONS = YES;
				CLANG_ANALYZER_NONNULL = YES;
				CLANG_ANALYZER_NUMBER_OBJECT_CONVERSION = YES_AGGRESSIVE;
				CLANG_CXX_LANGUAGE_STANDARD = "gnu++20";
				CLANG_ENABLE_MODULES = YES;
				CLANG_ENABLE_OBJC_ARC = YES;
				CLANG_ENABLE_OBJC_WEAK = YES;
				CLANG_WARN_BLOCK_CAPTURE_AUTORELEASING = YES;
				CLANG_WARN_BOOL_CONVERSION = YES;
				CLANG_WARN_COMMA = YES;
				CLANG_WARN_CONSTANT_CONVERSION = YES;
				CLANG_WARN_DEPRECATED_OBJC_IMPLEMENTATIONS = YES;
				CLANG_WARN_DIRECT_OBJC_ISA_USAGE = YES_ERROR;
				CLANG_WARN_DOCUMENTATION_COMMENTS = YES;
				CLANG_WARN_EMPTY_BODY = YES;
				CLANG_WARN_ENUM_CONVERSION = YES;
				CLANG_WARN_INFINITE_RECURSION = YES;
				CLANG_WARN_INT_CONVERSION = YES;
				CLANG_WARN_NON_LITERAL_NULL_CONVERSION = YES;
				CLANG_WARN_OBJC_IMPLICIT_RETAIN_SELF = YES;
				CLANG_WARN_OBJC_LITERAL_CONVERSION = YES;
				CLANG_WARN_OBJC_ROOT_CLASS = YES_ERROR;
				CLANG_WARN_QUOTED_INCLUDE_IN_FRAMEWORK_HEADER = YES;
				CLANG_WARN_RANGE_LOOP_ANALYSIS = YES;
				CLANG_WARN_STRICT_PROTOTYPES = YES;
				CLANG_WARN_SUSPICIOUS_MOVE = YES;
				CLANG_WARN_UNGUARDED_AVAILABILITY = YES_AGGRESSIVE;
				CLANG_WARN_UNREACHABLE_CODE = YES;
				CLANG_WARN__DUPLICATE_METHOD_MATCH = YES;
				COPY_PHASE_STRIP = NO;
				DEBUG_INFORMATION_FORMAT = "dwarf-with-dsym";
				ENABLE_NS_ASSERTIONS = NO;
				ENABLE_STRICT_OBJC_MSGSEND = YES;
				ENABLE_USER_SCRIPT_SANDBOXING = YES;
				GCC_C_LANGUAGE_STANDARD = gnu17;
				GCC_NO_COMMON_BLOCKS = YES;
				GCC_WARN_64_TO_32_BIT_CONVERSION = YES;
				GCC_WARN_ABOUT_RETURN_TYPE = YES_ERROR;
				GCC_WARN_UNDECLARED_SELECTOR = YES;
				GCC_WARN_UNINITIALIZED_AUTOS = YES_AGGRESSIVE;
				GCC_WARN_UNUSED_FUNCTION = YES;
				GCC_WARN_UNUSED_VARIABLE = YES;
				IPHONEOS_DEPLOYMENT_TARGET = 17.2;
				LOCALIZATION_PREFERS_STRING_CATALOGS = YES;
				MTL_ENABLE_DEBUG_INFO = NO;
				MTL_FAST_MATH = YES;
				SDKROOT = iphoneos;
				SWIFT_COMPILATION_MODE = wholemodule;
				VALIDATE_PRODUCT = YES;
			};
			name = Release;
		};
		38B28BB12B74644A00330DA4 /* Debug */ = {
			isa = XCBuildConfiguration;
			buildSettings = {
				ASSETCATALOG_COMPILER_APPICON_NAME = AppIcon;
				ASSETCATALOG_COMPILER_GLOBAL_ACCENT_COLOR_NAME = AccentColor;
				CODE_SIGN_STYLE = Automatic;
				CURRENT_PROJECT_VERSION = 1;
				DEVELOPMENT_ASSET_PATHS = "\"DemoSwift/Preview Content\"";
				DEVELOPMENT_TEAM = 95FUL8JQ64;
				ENABLE_PREVIEWS = YES;
				GENERATE_INFOPLIST_FILE = YES;
				INFOPLIST_KEY_UIApplicationSceneManifest_Generation = YES;
				INFOPLIST_KEY_UIApplicationSupportsIndirectInputEvents = YES;
				INFOPLIST_KEY_UILaunchScreen_Generation = YES;
				INFOPLIST_KEY_UISupportedInterfaceOrientations_iPad = "UIInterfaceOrientationPortrait UIInterfaceOrientationPortraitUpsideDown UIInterfaceOrientationLandscapeLeft UIInterfaceOrientationLandscapeRight";
				INFOPLIST_KEY_UISupportedInterfaceOrientations_iPhone = "UIInterfaceOrientationPortrait UIInterfaceOrientationLandscapeLeft UIInterfaceOrientationLandscapeRight";
				IPHONEOS_DEPLOYMENT_TARGET = 17.2;
				LD_RUNPATH_SEARCH_PATHS = (
					"$(inherited)",
					"@executable_path/Frameworks",
				);
				MARKETING_VERSION = 1.0;
				PRODUCT_BUNDLE_IDENTIFIER = songshuai.DemoSwift;
				PRODUCT_NAME = "$(TARGET_NAME)";
				SWIFT_EMIT_LOC_STRINGS = YES;
				SWIFT_VERSION = 5.0;
				TARGETED_DEVICE_FAMILY = "1,2";
			};
			name = Debug;
		};
		38B28BB22B74644A00330DA4 /* Release */ = {
			isa = XCBuildConfiguration;
			buildSettings = {
				ASSETCATALOG_COMPILER_APPICON_NAME = AppIcon;
				ASSETCATALOG_COMPILER_GLOBAL_ACCENT_COLOR_NAME = AccentColor;
				CODE_SIGN_STYLE = Automatic;
				CURRENT_PROJECT_VERSION = 1;
				DEVELOPMENT_ASSET_PATHS = "\"DemoSwift/Preview Content\"";
				DEVELOPMENT_TEAM = 95FUL8JQ64;
				ENABLE_PREVIEWS = YES;
				GENERATE_INFOPLIST_FILE = YES;
				INFOPLIST_KEY_UIApplicationSceneManifest_Generation = YES;
				INFOPLIST_KEY_UIApplicationSupportsIndirectInputEvents = YES;
				INFOPLIST_KEY_UILaunchScreen_Generation = YES;
				INFOPLIST_KEY_UISupportedInterfaceOrientations_iPad = "UIInterfaceOrientationPortrait UIInterfaceOrientationPortraitUpsideDown UIInterfaceOrientationLandscapeLeft UIInterfaceOrientationLandscapeRight";
				INFOPLIST_KEY_UISupportedInterfaceOrientations_iPhone = "UIInterfaceOrientationPortrait UIInterfaceOrientationLandscapeLeft UIInterfaceOrientationLandscapeRight";
				IPHONEOS_DEPLOYMENT_TARGET = 17.2;
				LD_RUNPATH_SEARCH_PATHS = (
					"$(inherited)",
					"@executable_path/Frameworks",
				);
				MARKETING_VERSION = 1.0;
				PRODUCT_BUNDLE_IDENTIFIER = songshuai.DemoSwift;
				PRODUCT_NAME = "$(TARGET_NAME)";
				SWIFT_EMIT_LOC_STRINGS = YES;
				SWIFT_VERSION = 5.0;
				TARGETED_DEVICE_FAMILY = "1,2";
			};
			name = Release;
		};
		38B28BB42B74644A00330DA4 /* Debug */ = {
			isa = XCBuildConfiguration;
			buildSettings = {
				ALWAYS_EMBED_SWIFT_STANDARD_LIBRARIES = YES;
				BUNDLE_LOADER = "$(TEST_HOST)";
				CODE_SIGN_STYLE = Automatic;
				CURRENT_PROJECT_VERSION = 1;
				DEVELOPMENT_TEAM = 95FUL8JQ64;
				GENERATE_INFOPLIST_FILE = YES;
				IPHONEOS_DEPLOYMENT_TARGET = 17.2;
				MARKETING_VERSION = 1.0;
				PRODUCT_BUNDLE_IDENTIFIER = songshuai.DemoSwiftTests;
				PRODUCT_NAME = "$(TARGET_NAME)";
				SWIFT_EMIT_LOC_STRINGS = NO;
				SWIFT_VERSION = 5.0;
				TARGETED_DEVICE_FAMILY = "1,2";
				TEST_HOST = "$(BUILT_PRODUCTS_DIR)/DemoSwift.app/$(BUNDLE_EXECUTABLE_FOLDER_PATH)/DemoSwift";
			};
			name = Debug;
		};
		38B28BB52B74644A00330DA4 /* Release */ = {
			isa = XCBuildConfiguration;
			buildSettings = {
				ALWAYS_EMBED_SWIFT_STANDARD_LIBRARIES = YES;
				BUNDLE_LOADER = "$(TEST_HOST)";
				CODE_SIGN_STYLE = Automatic;
				CURRENT_PROJECT_VERSION = 1;
				DEVELOPMENT_TEAM = 95FUL8JQ64;
				GENERATE_INFOPLIST_FILE = YES;
				IPHONEOS_DEPLOYMENT_TARGET = 17.2;
				MARKETING_VERSION = 1.0;
				PRODUCT_BUNDLE_IDENTIFIER = songshuai.DemoSwiftTests;
				PRODUCT_NAME = "$(TARGET_NAME)";
				SWIFT_EMIT_LOC_STRINGS = NO;
				SWIFT_VERSION = 5.0;
				TARGETED_DEVICE_FAMILY = "1,2";
				TEST_HOST = "$(BUILT_PRODUCTS_DIR)/DemoSwift.app/$(BUNDLE_EXECUTABLE_FOLDER_PATH)/DemoSwift";
			};
			name = Release;
		};
		38B28BB72B74644A00330DA4 /* Debug */ = {
			isa = XCBuildConfiguration;
			buildSettings = {
				ALWAYS_EMBED_SWIFT_STANDARD_LIBRARIES = YES;
				CODE_SIGN_STYLE = Automatic;
				CURRENT_PROJECT_VERSION = 1;
				DEVELOPMENT_TEAM = 95FUL8JQ64;
				GENERATE_INFOPLIST_FILE = YES;
				MARKETING_VERSION = 1.0;
				PRODUCT_BUNDLE_IDENTIFIER = songshuai.DemoSwiftUITests;
				PRODUCT_NAME = "$(TARGET_NAME)";
				SWIFT_EMIT_LOC_STRINGS = NO;
				SWIFT_VERSION = 5.0;
				TARGETED_DEVICE_FAMILY = "1,2";
				TEST_TARGET_NAME = DemoSwift;
			};
			name = Debug;
		};
		38B28BB82B74644A00330DA4 /* Release */ = {
			isa = XCBuildConfiguration;
			buildSettings = {
				ALWAYS_EMBED_SWIFT_STANDARD_LIBRARIES = YES;
				CODE_SIGN_STYLE = Automatic;
				CURRENT_PROJECT_VERSION = 1;
				DEVELOPMENT_TEAM = 95FUL8JQ64;
				GENERATE_INFOPLIST_FILE = YES;
				MARKETING_VERSION = 1.0;
				PRODUCT_BUNDLE_IDENTIFIER = songshuai.DemoSwiftUITests;
				PRODUCT_NAME = "$(TARGET_NAME)";
				SWIFT_EMIT_LOC_STRINGS = NO;
				SWIFT_VERSION = 5.0;
				TARGETED_DEVICE_FAMILY = "1,2";
				TEST_TARGET_NAME = DemoSwift;
			};
			name = Release;
		};
/* End XCBuildConfiguration section */

/* Begin XCConfigurationList section */
		38B28B852B74644600330DA4 /* Build configuration list for PBXProject "DemoSwift" */ = {
			isa = XCConfigurationList;
			buildConfigurations = (
				38B28BAE2B74644A00330DA4 /* Debug */,
				38B28BAF2B74644A00330DA4 /* Release */,
			);
			defaultConfigurationIsVisible = 0;
			defaultConfigurationName = Release;
		};
		38B28BB02B74644A00330DA4 /* Build configuration list for PBXNativeTarget "DemoSwift" */ = {
			isa = XCConfigurationList;
			buildConfigurations = (
				38B28BB12B74644A00330DA4 /* Debug */,
				38B28BB22B74644A00330DA4 /* Release */,
			);
			defaultConfigurationIsVisible = 0;
			defaultConfigurationName = Release;
		};
		38B28BB32B74644A00330DA4 /* Build configuration list for PBXNativeTarget "DemoSwiftTests" */ = {
			isa = XCConfigurationList;
			buildConfigurations = (
				38B28BB42B74644A00330DA4 /* Debug */,
				38B28BB52B74644A00330DA4 /* Release */,
			);
			defaultConfigurationIsVisible = 0;
			defaultConfigurationName = Release;
		};
		38B28BB62B74644A00330DA4 /* Build configuration list for PBXNativeTarget "DemoSwiftUITests" */ = {
			isa = XCConfigurationList;
			buildConfigurations = (
				38B28BB72B74644A00330DA4 /* Debug */,
				38B28BB82B74644A00330DA4 /* Release */,
			);
			defaultConfigurationIsVisible = 0;
			defaultConfigurationName = Release;
		};
/* End XCConfigurationList section */

/* Begin XCRemoteSwiftPackageReference section */
		38B28BB92B74D85E00330DA4 /* XCRemoteSwiftPackageReference "alamofire" */ = {
			isa = XCRemoteSwiftPackageReference;
			repositoryURL = "https://github.com/alamofire/alamofire.git";
			requirement = {
				kind = upToNextMajorVersion;
				minimumVersion = 5.8.1;
			};
		};
/* End XCRemoteSwiftPackageReference section */

/* Begin XCSwiftPackageProductDependency section */
		38B28BBA2B74D85E00330DA4 /* Alamofire */ = {
			isa = XCSwiftPackageProductDependency;
			package = 38B28BB92B74D85E00330DA4 /* XCRemoteSwiftPackageReference "alamofire" */;
			productName = Alamofire;
		};
/* End XCSwiftPackageProductDependency section */
	};
	rootObject = 38B28B822B74644600330DA4 /* Project object */;
}
