// !$*UTF8*$!
{
	archiveVersion = 1;
	classes = {
	};
	objectVersion = 56;
	objects = {

/* Begin PBXBuildFile section */
		38CE6F212B6526490030DEBB /* AppDelegate.m in Sources */ = {isa = PBXBuildFile; fileRef = 38CE6F202B6526490030DEBB /* AppDelegate.m */; };
		38CE6F242B6526490030DEBB /* DocumentBrowserViewController.m in Sources */ = {isa = PBXBuildFile; fileRef = 38CE6F232B6526490030DEBB /* DocumentBrowserViewController.m */; };
		38CE6F272B6526490030DEBB /* DocumentViewController.m in Sources */ = {isa = PBXBuildFile; fileRef = 38CE6F262B6526490030DEBB /* DocumentViewController.m */; };
		38CE6F2A2B6526490030DEBB /* Document.m in Sources */ = {isa = PBXBuildFile; fileRef = 38CE6F292B6526490030DEBB /* Document.m */; };
		38CE6F2D2B6526490030DEBB /* Main.storyboard in Resources */ = {isa = PBXBuildFile; fileRef = 38CE6F2B2B6526490030DEBB /* Main.storyboard */; };
		38CE6F2F2B65264C0030DEBB /* Assets.xcassets in Resources */ = {isa = PBXBuildFile; fileRef = 38CE6F2E2B65264C0030DEBB /* Assets.xcassets */; };
		38CE6F322B65264C0030DEBB /* LaunchScreen.storyboard in Resources */ = {isa = PBXBuildFile; fileRef = 38CE6F302B65264C0030DEBB /* LaunchScreen.storyboard */; };
		38CE6F352B65264C0030DEBB /* main.m in Sources */ = {isa = PBXBuildFile; fileRef = 38CE6F342B65264C0030DEBB /* main.m */; };
		38CE6F3F2B65264C0030DEBB /* first_appTests.m in Sources */ = {isa = PBXBuildFile; fileRef = 38CE6F3E2B65264C0030DEBB /* first_appTests.m */; };
		38CE6F492B65264C0030DEBB /* first_appUITests.m in Sources */ = {isa = PBXBuildFile; fileRef = 38CE6F482B65264C0030DEBB /* first_appUITests.m */; };
		38CE6F4B2B65264D0030DEBB /* first_appUITestsLaunchTests.m in Sources */ = {isa = PBXBuildFile; fileRef = 38CE6F4A2B65264D0030DEBB /* first_appUITestsLaunchTests.m */; };
/* End PBXBuildFile section */

/* Begin PBXContainerItemProxy section */
		38CE6F3B2B65264C0030DEBB /* PBXContainerItemProxy */ = {
			isa = PBXContainerItemProxy;
			containerPortal = 38CE6F142B6526490030DEBB /* Project object */;
			proxyType = 1;
			remoteGlobalIDString = 38CE6F1B2B6526490030DEBB;
			remoteInfo = "first-app";
		};
		38CE6F452B65264C0030DEBB /* PBXContainerItemProxy */ = {
			isa = PBXContainerItemProxy;
			containerPortal = 38CE6F142B6526490030DEBB /* Project object */;
			proxyType = 1;
			remoteGlobalIDString = 38CE6F1B2B6526490030DEBB;
			remoteInfo = "first-app";
		};
/* End PBXContainerItemProxy section */

/* Begin PBXFileReference section */
		38CE6F1C2B6526490030DEBB /* first-app.app */ = {isa = PBXFileReference; explicitFileType = wrapper.application; includeInIndex = 0; path = "first-app.app"; sourceTree = BUILT_PRODUCTS_DIR; };
		38CE6F1F2B6526490030DEBB /* AppDelegate.h */ = {isa = PBXFileReference; lastKnownFileType = sourcecode.c.h; path = AppDelegate.h; sourceTree = "<group>"; };
		38CE6F202B6526490030DEBB /* AppDelegate.m */ = {isa = PBXFileReference; lastKnownFileType = sourcecode.c.objc; path = AppDelegate.m; sourceTree = "<group>"; };
		38CE6F222B6526490030DEBB /* DocumentBrowserViewController.h */ = {isa = PBXFileReference; lastKnownFileType = sourcecode.c.h; path = DocumentBrowserViewController.h; sourceTree = "<group>"; };
		38CE6F232B6526490030DEBB /* DocumentBrowserViewController.m */ = {isa = PBXFileReference; lastKnownFileType = sourcecode.c.objc; path = DocumentBrowserViewController.m; sourceTree = "<group>"; };
		38CE6F252B6526490030DEBB /* DocumentViewController.h */ = {isa = PBXFileReference; lastKnownFileType = sourcecode.c.h; path = DocumentViewController.h; sourceTree = "<group>"; };
		38CE6F262B6526490030DEBB /* DocumentViewController.m */ = {isa = PBXFileReference; lastKnownFileType = sourcecode.c.objc; path = DocumentViewController.m; sourceTree = "<group>"; };
		38CE6F282B6526490030DEBB /* Document.h */ = {isa = PBXFileReference; lastKnownFileType = sourcecode.c.h; path = Document.h; sourceTree = "<group>"; };
		38CE6F292B6526490030DEBB /* Document.m */ = {isa = PBXFileReference; lastKnownFileType = sourcecode.c.objc; path = Document.m; sourceTree = "<group>"; };
		38CE6F2C2B6526490030DEBB /* Base */ = {isa = PBXFileReference; lastKnownFileType = file.storyboard; name = Base; path = Base.lproj/Main.storyboard; sourceTree = "<group>"; };
		38CE6F2E2B65264C0030DEBB /* Assets.xcassets */ = {isa = PBXFileReference; lastKnownFileType = folder.assetcatalog; path = Assets.xcassets; sourceTree = "<group>"; };
		38CE6F312B65264C0030DEBB /* Base */ = {isa = PBXFileReference; lastKnownFileType = file.storyboard; name = Base; path = Base.lproj/LaunchScreen.storyboard; sourceTree = "<group>"; };
		38CE6F332B65264C0030DEBB /* Info.plist */ = {isa = PBXFileReference; lastKnownFileType = text.plist.xml; path = Info.plist; sourceTree = "<group>"; };
		38CE6F342B65264C0030DEBB /* main.m */ = {isa = PBXFileReference; lastKnownFileType = sourcecode.c.objc; path = main.m; sourceTree = "<group>"; };
		38CE6F3A2B65264C0030DEBB /* first-appTests.xctest */ = {isa = PBXFileReference; explicitFileType = wrapper.cfbundle; includeInIndex = 0; path = "first-appTests.xctest"; sourceTree = BUILT_PRODUCTS_DIR; };
		38CE6F3E2B65264C0030DEBB /* first_appTests.m */ = {isa = PBXFileReference; lastKnownFileType = sourcecode.c.objc; path = first_appTests.m; sourceTree = "<group>"; };
		38CE6F442B65264C0030DEBB /* first-appUITests.xctest */ = {isa = PBXFileReference; explicitFileType = wrapper.cfbundle; includeInIndex = 0; path = "first-appUITests.xctest"; sourceTree = BUILT_PRODUCTS_DIR; };
		38CE6F482B65264C0030DEBB /* first_appUITests.m */ = {isa = PBXFileReference; lastKnownFileType = sourcecode.c.objc; path = first_appUITests.m; sourceTree = "<group>"; };
		38CE6F4A2B65264D0030DEBB /* first_appUITestsLaunchTests.m */ = {isa = PBXFileReference; lastKnownFileType = sourcecode.c.objc; path = first_appUITestsLaunchTests.m; sourceTree = "<group>"; };
/* End PBXFileReference section */

/* Begin PBXFrameworksBuildPhase section */
		38CE6F192B6526490030DEBB /* Frameworks */ = {
			isa = PBXFrameworksBuildPhase;
			buildActionMask = 2147483647;
			files = (
			);
			runOnlyForDeploymentPostprocessing = 0;
		};
		38CE6F372B65264C0030DEBB /* Frameworks */ = {
			isa = PBXFrameworksBuildPhase;
			buildActionMask = 2147483647;
			files = (
			);
			runOnlyForDeploymentPostprocessing = 0;
		};
		38CE6F412B65264C0030DEBB /* Frameworks */ = {
			isa = PBXFrameworksBuildPhase;
			buildActionMask = 2147483647;
			files = (
			);
			runOnlyForDeploymentPostprocessing = 0;
		};
/* End PBXFrameworksBuildPhase section */

/* Begin PBXGroup section */
		38CE6F132B6526490030DEBB = {
			isa = PBXGroup;
			children = (
				38CE6F1E2B6526490030DEBB /* first-app */,
				38CE6F3D2B65264C0030DEBB /* first-appTests */,
				38CE6F472B65264C0030DEBB /* first-appUITests */,
				38CE6F1D2B6526490030DEBB /* Products */,
			);
			sourceTree = "<group>";
		};
		38CE6F1D2B6526490030DEBB /* Products */ = {
			isa = PBXGroup;
			children = (
				38CE6F1C2B6526490030DEBB /* first-app.app */,
				38CE6F3A2B65264C0030DEBB /* first-appTests.xctest */,
				38CE6F442B65264C0030DEBB /* first-appUITests.xctest */,
			);
			name = Products;
			sourceTree = "<group>";
		};
		38CE6F1E2B6526490030DEBB /* first-app */ = {
			isa = PBXGroup;
			children = (
				38CE6F1F2B6526490030DEBB /* AppDelegate.h */,
				38CE6F202B6526490030DEBB /* AppDelegate.m */,
				38CE6F222B6526490030DEBB /* DocumentBrowserViewController.h */,
				38CE6F232B6526490030DEBB /* DocumentBrowserViewController.m */,
				38CE6F252B6526490030DEBB /* DocumentViewController.h */,
				38CE6F262B6526490030DEBB /* DocumentViewController.m */,
				38CE6F282B6526490030DEBB /* Document.h */,
				38CE6F292B6526490030DEBB /* Document.m */,
				38CE6F2B2B6526490030DEBB /* Main.storyboard */,
				38CE6F2E2B65264C0030DEBB /* Assets.xcassets */,
				38CE6F302B65264C0030DEBB /* LaunchScreen.storyboard */,
				38CE6F332B65264C0030DEBB /* Info.plist */,
				38CE6F342B65264C0030DEBB /* main.m */,
			);
			path = "first-app";
			sourceTree = "<group>";
		};
		38CE6F3D2B65264C0030DEBB /* first-appTests */ = {
			isa = PBXGroup;
			children = (
				38CE6F3E2B65264C0030DEBB /* first_appTests.m */,
			);
			path = "first-appTests";
			sourceTree = "<group>";
		};
		38CE6F472B65264C0030DEBB /* first-appUITests */ = {
			isa = PBXGroup;
			children = (
				38CE6F482B65264C0030DEBB /* first_appUITests.m */,
				38CE6F4A2B65264D0030DEBB /* first_appUITestsLaunchTests.m */,
			);
			path = "first-appUITests";
			sourceTree = "<group>";
		};
/* End PBXGroup section */

/* Begin PBXNativeTarget section */
		38CE6F1B2B6526490030DEBB /* first-app */ = {
			isa = PBXNativeTarget;
			buildConfigurationList = 38CE6F4E2B65264D0030DEBB /* Build configuration list for PBXNativeTarget "first-app" */;
			buildPhases = (
				38CE6F182B6526490030DEBB /* Sources */,
				38CE6F192B6526490030DEBB /* Frameworks */,
				38CE6F1A2B6526490030DEBB /* Resources */,
			);
			buildRules = (
			);
			dependencies = (
			);
			name = "first-app";
			productName = "first-app";
			productReference = 38CE6F1C2B6526490030DEBB /* first-app.app */;
			productType = "com.apple.product-type.application";
		};
		38CE6F392B65264C0030DEBB /* first-appTests */ = {
			isa = PBXNativeTarget;
			buildConfigurationList = 38CE6F512B65264D0030DEBB /* Build configuration list for PBXNativeTarget "first-appTests" */;
			buildPhases = (
				38CE6F362B65264C0030DEBB /* Sources */,
				38CE6F372B65264C0030DEBB /* Frameworks */,
				38CE6F382B65264C0030DEBB /* Resources */,
			);
			buildRules = (
			);
			dependencies = (
				38CE6F3C2B65264C0030DEBB /* PBXTargetDependency */,
			);
			name = "first-appTests";
			productName = "first-appTests";
			productReference = 38CE6F3A2B65264C0030DEBB /* first-appTests.xctest */;
			productType = "com.apple.product-type.bundle.unit-test";
		};
		38CE6F432B65264C0030DEBB /* first-appUITests */ = {
			isa = PBXNativeTarget;
			buildConfigurationList = 38CE6F542B65264D0030DEBB /* Build configuration list for PBXNativeTarget "first-appUITests" */;
			buildPhases = (
				38CE6F402B65264C0030DEBB /* Sources */,
				38CE6F412B65264C0030DEBB /* Frameworks */,
				38CE6F422B65264C0030DEBB /* Resources */,
			);
			buildRules = (
			);
			dependencies = (
				38CE6F462B65264C0030DEBB /* PBXTargetDependency */,
			);
			name = "first-appUITests";
			productName = "first-appUITests";
			productReference = 38CE6F442B65264C0030DEBB /* first-appUITests.xctest */;
			productType = "com.apple.product-type.bundle.ui-testing";
		};
/* End PBXNativeTarget section */

/* Begin PBXProject section */
		38CE6F142B6526490030DEBB /* Project object */ = {
			isa = PBXProject;
			attributes = {
				BuildIndependentTargetsInParallel = 1;
				LastUpgradeCheck = 1520;
				TargetAttributes = {
					38CE6F1B2B6526490030DEBB = {
						CreatedOnToolsVersion = 15.2;
					};
					38CE6F392B65264C0030DEBB = {
						CreatedOnToolsVersion = 15.2;
						TestTargetID = 38CE6F1B2B6526490030DEBB;
					};
					38CE6F432B65264C0030DEBB = {
						CreatedOnToolsVersion = 15.2;
						TestTargetID = 38CE6F1B2B6526490030DEBB;
					};
				};
			};
			buildConfigurationList = 38CE6F172B6526490030DEBB /* Build configuration list for PBXProject "first-app" */;
			compatibilityVersion = "Xcode 14.0";
			developmentRegion = en;
			hasScannedForEncodings = 0;
			knownRegions = (
				en,
				Base,
			);
			mainGroup = 38CE6F132B6526490030DEBB;
			productRefGroup = 38CE6F1D2B6526490030DEBB /* Products */;
			projectDirPath = "";
			projectRoot = "";
			targets = (
				38CE6F1B2B6526490030DEBB /* first-app */,
				38CE6F392B65264C0030DEBB /* first-appTests */,
				38CE6F432B65264C0030DEBB /* first-appUITests */,
			);
		};
/* End PBXProject section */

/* Begin PBXResourcesBuildPhase section */
		38CE6F1A2B6526490030DEBB /* Resources */ = {
			isa = PBXResourcesBuildPhase;
			buildActionMask = 2147483647;
			files = (
				38CE6F322B65264C0030DEBB /* LaunchScreen.storyboard in Resources */,
				38CE6F2F2B65264C0030DEBB /* Assets.xcassets in Resources */,
				38CE6F2D2B6526490030DEBB /* Main.storyboard in Resources */,
			);
			runOnlyForDeploymentPostprocessing = 0;
		};
		38CE6F382B65264C0030DEBB /* Resources */ = {
			isa = PBXResourcesBuildPhase;
			buildActionMask = 2147483647;
			files = (
			);
			runOnlyForDeploymentPostprocessing = 0;
		};
		38CE6F422B65264C0030DEBB /* Resources */ = {
			isa = PBXResourcesBuildPhase;
			buildActionMask = 2147483647;
			files = (
			);
			runOnlyForDeploymentPostprocessing = 0;
		};
/* End PBXResourcesBuildPhase section */

/* Begin PBXSourcesBuildPhase section */
		38CE6F182B6526490030DEBB /* Sources */ = {
			isa = PBXSourcesBuildPhase;
			buildActionMask = 2147483647;
			files = (
				38CE6F352B65264C0030DEBB /* main.m in Sources */,
				38CE6F2A2B6526490030DEBB /* Document.m in Sources */,
				38CE6F242B6526490030DEBB /* DocumentBrowserViewController.m in Sources */,
				38CE6F272B6526490030DEBB /* DocumentViewController.m in Sources */,
				38CE6F212B6526490030DEBB /* AppDelegate.m in Sources */,
			);
			runOnlyForDeploymentPostprocessing = 0;
		};
		38CE6F362B65264C0030DEBB /* Sources */ = {
			isa = PBXSourcesBuildPhase;
			buildActionMask = 2147483647;
			files = (
				38CE6F3F2B65264C0030DEBB /* first_appTests.m in Sources */,
			);
			runOnlyForDeploymentPostprocessing = 0;
		};
		38CE6F402B65264C0030DEBB /* Sources */ = {
			isa = PBXSourcesBuildPhase;
			buildActionMask = 2147483647;
			files = (
				38CE6F492B65264C0030DEBB /* first_appUITests.m in Sources */,
				38CE6F4B2B65264D0030DEBB /* first_appUITestsLaunchTests.m in Sources */,
			);
			runOnlyForDeploymentPostprocessing = 0;
		};
/* End PBXSourcesBuildPhase section */

/* Begin PBXTargetDependency section */
		38CE6F3C2B65264C0030DEBB /* PBXTargetDependency */ = {
			isa = PBXTargetDependency;
			target = 38CE6F1B2B6526490030DEBB /* first-app */;
			targetProxy = 38CE6F3B2B65264C0030DEBB /* PBXContainerItemProxy */;
		};
		38CE6F462B65264C0030DEBB /* PBXTargetDependency */ = {
			isa = PBXTargetDependency;
			target = 38CE6F1B2B6526490030DEBB /* first-app */;
			targetProxy = 38CE6F452B65264C0030DEBB /* PBXContainerItemProxy */;
		};
/* End PBXTargetDependency section */

/* Begin PBXVariantGroup section */
		38CE6F2B2B6526490030DEBB /* Main.storyboard */ = {
			isa = PBXVariantGroup;
			children = (
				38CE6F2C2B6526490030DEBB /* Base */,
			);
			name = Main.storyboard;
			sourceTree = "<group>";
		};
		38CE6F302B65264C0030DEBB /* LaunchScreen.storyboard */ = {
			isa = PBXVariantGroup;
			children = (
				38CE6F312B65264C0030DEBB /* Base */,
			);
			name = LaunchScreen.storyboard;
			sourceTree = "<group>";
		};
/* End PBXVariantGroup section */

/* Begin XCBuildConfiguration section */
		38CE6F4C2B65264D0030DEBB /* Debug */ = {
			isa = XCBuildConfiguration;
			buildSettings = {
				ALWAYS_SEARCH_USER_PATHS = NO;
				ASSETCATALOG_COMPILER_GENERATE_SWIFT_ASSET_SYMBOL_EXTENSIONS = YES;
				CLANG_ANALYZER_NONNULL = YES;
				CLANG_ANALYZER_NUMBER_OBJECT_CONVERSION = YES_AGGRESSIVE;
				CLANG_CXX_LANGUAGE_STANDARD = "gnu++20";
				CLANG_ENABLE_MODULES = YES;
				CLANG_ENABLE_OBJC_ARC = YES;
				CLANG_ENABLE_OBJC_WEAK = YES;
				CLANG_WARN_BLOCK_CAPTURE_AUTORELEASING = YES;
				CLANG_WARN_BOOL_CONVERSION = YES;
				CLANG_WARN_COMMA = YES;
				CLANG_WARN_CONSTANT_CONVERSION = YES;
				CLANG_WARN_DEPRECATED_OBJC_IMPLEMENTATIONS = YES;
				CLANG_WARN_DIRECT_OBJC_ISA_USAGE = YES_ERROR;
				CLANG_WARN_DOCUMENTATION_COMMENTS = YES;
				CLANG_WARN_EMPTY_BODY = YES;
				CLANG_WARN_ENUM_CONVERSION = YES;
				CLANG_WARN_INFINITE_RECURSION = YES;
				CLANG_WARN_INT_CONVERSION = YES;
				CLANG_WARN_NON_LITERAL_NULL_CONVERSION = YES;
				CLANG_WARN_OBJC_IMPLICIT_RETAIN_SELF = YES;
				CLANG_WARN_OBJC_LITERAL_CONVERSION = YES;
				CLANG_WARN_OBJC_ROOT_CLASS = YES_ERROR;
				CLANG_WARN_QUOTED_INCLUDE_IN_FRAMEWORK_HEADER = YES;
				CLANG_WARN_RANGE_LOOP_ANALYSIS = YES;
				CLANG_WARN_STRICT_PROTOTYPES = YES;
				CLANG_WARN_SUSPICIOUS_MOVE = YES;
				CLANG_WARN_UNGUARDED_AVAILABILITY = YES_AGGRESSIVE;
				CLANG_WARN_UNREACHABLE_CODE = YES;
				CLANG_WARN__DUPLICATE_METHOD_MATCH = YES;
				COPY_PHASE_STRIP = NO;
				DEBUG_INFORMATION_FORMAT = dwarf;
				ENABLE_STRICT_OBJC_MSGSEND = YES;
				ENABLE_TESTABILITY = YES;
				ENABLE_USER_SCRIPT_SANDBOXING = YES;
				GCC_C_LANGUAGE_STANDARD = gnu17;
				GCC_DYNAMIC_NO_PIC = NO;
				GCC_NO_COMMON_BLOCKS = YES;
				GCC_OPTIMIZATION_LEVEL = 0;
				GCC_PREPROCESSOR_DEFINITIONS = (
					"DEBUG=1",
					"$(inherited)",
				);
				GCC_WARN_64_TO_32_BIT_CONVERSION = YES;
				GCC_WARN_ABOUT_RETURN_TYPE = YES_ERROR;
				GCC_WARN_UNDECLARED_SELECTOR = YES;
				GCC_WARN_UNINITIALIZED_AUTOS = YES_AGGRESSIVE;
				GCC_WARN_UNUSED_FUNCTION = YES;
				GCC_WARN_UNUSED_VARIABLE = YES;
				IPHONEOS_DEPLOYMENT_TARGET = 17.2;
				LOCALIZATION_PREFERS_STRING_CATALOGS = YES;
				MTL_ENABLE_DEBUG_INFO = INCLUDE_SOURCE;
				MTL_FAST_MATH = YES;
				ONLY_ACTIVE_ARCH = YES;
				SDKROOT = iphoneos;
			};
			name = Debug;
		};
		38CE6F4D2B65264D0030DEBB /* Release */ = {
			isa = XCBuildConfiguration;
			buildSettings = {
				ALWAYS_SEARCH_USER_PATHS = NO;
				ASSETCATALOG_COMPILER_GENERATE_SWIFT_ASSET_SYMBOL_EXTENSIONS = YES;
				CLANG_ANALYZER_NONNULL = YES;
				CLANG_ANALYZER_NUMBER_OBJECT_CONVERSION = YES_AGGRESSIVE;
				CLANG_CXX_LANGUAGE_STANDARD = "gnu++20";
				CLANG_ENABLE_MODULES = YES;
				CLANG_ENABLE_OBJC_ARC = YES;
				CLANG_ENABLE_OBJC_WEAK = YES;
				CLANG_WARN_BLOCK_CAPTURE_AUTORELEASING = YES;
				CLANG_WARN_BOOL_CONVERSION = YES;
				CLANG_WARN_COMMA = YES;
				CLANG_WARN_CONSTANT_CONVERSION = YES;
				CLANG_WARN_DEPRECATED_OBJC_IMPLEMENTATIONS = YES;
				CLANG_WARN_DIRECT_OBJC_ISA_USAGE = YES_ERROR;
				CLANG_WARN_DOCUMENTATION_COMMENTS = YES;
				CLANG_WARN_EMPTY_BODY = YES;
				CLANG_WARN_ENUM_CONVERSION = YES;
				CLANG_WARN_INFINITE_RECURSION = YES;
				CLANG_WARN_INT_CONVERSION = YES;
				CLANG_WARN_NON_LITERAL_NULL_CONVERSION = YES;
				CLANG_WARN_OBJC_IMPLICIT_RETAIN_SELF = YES;
				CLANG_WARN_OBJC_LITERAL_CONVERSION = YES;
				CLANG_WARN_OBJC_ROOT_CLASS = YES_ERROR;
				CLANG_WARN_QUOTED_INCLUDE_IN_FRAMEWORK_HEADER = YES;
				CLANG_WARN_RANGE_LOOP_ANALYSIS = YES;
				CLANG_WARN_STRICT_PROTOTYPES = YES;
				CLANG_WARN_SUSPICIOUS_MOVE = YES;
				CLANG_WARN_UNGUARDED_AVAILABILITY = YES_AGGRESSIVE;
				CLANG_WARN_UNREACHABLE_CODE = YES;
				CLANG_WARN__DUPLICATE_METHOD_MATCH = YES;
				COPY_PHASE_STRIP = NO;
				DEBUG_INFORMATION_FORMAT = "dwarf-with-dsym";
				ENABLE_NS_ASSERTIONS = NO;
				ENABLE_STRICT_OBJC_MSGSEND = YES;
				ENABLE_USER_SCRIPT_SANDBOXING = YES;
				GCC_C_LANGUAGE_STANDARD = gnu17;
				GCC_NO_COMMON_BLOCKS = YES;
				GCC_WARN_64_TO_32_BIT_CONVERSION = YES;
				GCC_WARN_ABOUT_RETURN_TYPE = YES_ERROR;
				GCC_WARN_UNDECLARED_SELECTOR = YES;
				GCC_WARN_UNINITIALIZED_AUTOS = YES_AGGRESSIVE;
				GCC_WARN_UNUSED_FUNCTION = YES;
				GCC_WARN_UNUSED_VARIABLE = YES;
				IPHONEOS_DEPLOYMENT_TARGET = 17.2;
				LOCALIZATION_PREFERS_STRING_CATALOGS = YES;
				MTL_ENABLE_DEBUG_INFO = NO;
				MTL_FAST_MATH = YES;
				SDKROOT = iphoneos;
				VALIDATE_PRODUCT = YES;
			};
			name = Release;
		};
		38CE6F4F2B65264D0030DEBB /* Debug */ = {
			isa = XCBuildConfiguration;
			buildSettings = {
				ASSETCATALOG_COMPILER_APPICON_NAME = AppIcon;
				ASSETCATALOG_COMPILER_GLOBAL_ACCENT_COLOR_NAME = AccentColor;
				CODE_SIGN_IDENTITY = "Apple Development";
				CODE_SIGN_STYLE = Automatic;
				CURRENT_PROJECT_VERSION = 1;
				DEVELOPMENT_TEAM = 95FUL8JQ64;
				GENERATE_INFOPLIST_FILE = YES;
				INFOPLIST_FILE = "first-app/Info.plist";
				INFOPLIST_KEY_UIApplicationSupportsIndirectInputEvents = YES;
				INFOPLIST_KEY_UILaunchStoryboardName = LaunchScreen;
				INFOPLIST_KEY_UIMainStoryboardFile = Main;
				INFOPLIST_KEY_UISupportedInterfaceOrientations_iPad = "UIInterfaceOrientationPortrait UIInterfaceOrientationPortraitUpsideDown UIInterfaceOrientationLandscapeLeft UIInterfaceOrientationLandscapeRight";
				INFOPLIST_KEY_UISupportedInterfaceOrientations_iPhone = "UIInterfaceOrientationPortrait UIInterfaceOrientationLandscapeLeft UIInterfaceOrientationLandscapeRight";
				INFOPLIST_KEY_UISupportsDocumentBrowser = YES;
				IPHONEOS_DEPLOYMENT_TARGET = 15.2;
				LD_RUNPATH_SEARCH_PATHS = (
					"$(inherited)",
					"@executable_path/Frameworks",
				);
				MARKETING_VERSION = 1.0;
				PRODUCT_BUNDLE_IDENTIFIER = "songshuai.first-app";
				PRODUCT_NAME = "$(TARGET_NAME)";
				PROVISIONING_PROFILE_SPECIFIER = "";
				SWIFT_EMIT_LOC_STRINGS = YES;
				TARGETED_DEVICE_FAMILY = "1,2";
			};
			name = Debug;
		};
		38CE6F502B65264D0030DEBB /* Release */ = {
			isa = XCBuildConfiguration;
			buildSettings = {
				ASSETCATALOG_COMPILER_APPICON_NAME = AppIcon;
				ASSETCATALOG_COMPILER_GLOBAL_ACCENT_COLOR_NAME = AccentColor;
				CODE_SIGN_IDENTITY = "Apple Development";
				CODE_SIGN_STYLE = Automatic;
				CURRENT_PROJECT_VERSION = 1;
				DEVELOPMENT_TEAM = 95FUL8JQ64;
				GENERATE_INFOPLIST_FILE = YES;
				INFOPLIST_FILE = "first-app/Info.plist";
				INFOPLIST_KEY_UIApplicationSupportsIndirectInputEvents = YES;
				INFOPLIST_KEY_UILaunchStoryboardName = LaunchScreen;
				INFOPLIST_KEY_UIMainStoryboardFile = Main;
				INFOPLIST_KEY_UISupportedInterfaceOrientations_iPad = "UIInterfaceOrientationPortrait UIInterfaceOrientationPortraitUpsideDown UIInterfaceOrientationLandscapeLeft UIInterfaceOrientationLandscapeRight";
				INFOPLIST_KEY_UISupportedInterfaceOrientations_iPhone = "UIInterfaceOrientationPortrait UIInterfaceOrientationLandscapeLeft UIInterfaceOrientationLandscapeRight";
				INFOPLIST_KEY_UISupportsDocumentBrowser = YES;
				IPHONEOS_DEPLOYMENT_TARGET = 15.2;
				LD_RUNPATH_SEARCH_PATHS = (
					"$(inherited)",
					"@executable_path/Frameworks",
				);
				MARKETING_VERSION = 1.0;
				PRODUCT_BUNDLE_IDENTIFIER = "songshuai.first-app";
				PRODUCT_NAME = "$(TARGET_NAME)";
				PROVISIONING_PROFILE_SPECIFIER = "";
				SWIFT_EMIT_LOC_STRINGS = YES;
				TARGETED_DEVICE_FAMILY = "1,2";
			};
			name = Release;
		};
		38CE6F522B65264D0030DEBB /* Debug */ = {
			isa = XCBuildConfiguration;
			buildSettings = {
				BUNDLE_LOADER = "$(TEST_HOST)";
				CODE_SIGN_STYLE = Automatic;
				CURRENT_PROJECT_VERSION = 1;
				GENERATE_INFOPLIST_FILE = YES;
				IPHONEOS_DEPLOYMENT_TARGET = 17.2;
				MARKETING_VERSION = 1.0;
				PRODUCT_BUNDLE_IDENTIFIER = "songshuai.first-appTests";
				PRODUCT_NAME = "$(TARGET_NAME)";
				SWIFT_EMIT_LOC_STRINGS = NO;
				TARGETED_DEVICE_FAMILY = "1,2";
				TEST_HOST = "$(BUILT_PRODUCTS_DIR)/first-app.app/$(BUNDLE_EXECUTABLE_FOLDER_PATH)/first-app";
			};
			name = Debug;
		};
		38CE6F532B65264D0030DEBB /* Release */ = {
			isa = XCBuildConfiguration;
			buildSettings = {
				BUNDLE_LOADER = "$(TEST_HOST)";
				CODE_SIGN_STYLE = Automatic;
				CURRENT_PROJECT_VERSION = 1;
				GENERATE_INFOPLIST_FILE = YES;
				IPHONEOS_DEPLOYMENT_TARGET = 17.2;
				MARKETING_VERSION = 1.0;
				PRODUCT_BUNDLE_IDENTIFIER = "songshuai.first-appTests";
				PRODUCT_NAME = "$(TARGET_NAME)";
				SWIFT_EMIT_LOC_STRINGS = NO;
				TARGETED_DEVICE_FAMILY = "1,2";
				TEST_HOST = "$(BUILT_PRODUCTS_DIR)/first-app.app/$(BUNDLE_EXECUTABLE_FOLDER_PATH)/first-app";
			};
			name = Release;
		};
		38CE6F552B65264D0030DEBB /* Debug */ = {
			isa = XCBuildConfiguration;
			buildSettings = {
				CODE_SIGN_STYLE = Automatic;
				CURRENT_PROJECT_VERSION = 1;
				GENERATE_INFOPLIST_FILE = YES;
				MARKETING_VERSION = 1.0;
				PRODUCT_BUNDLE_IDENTIFIER = "songshuai.first-appUITests";
				PRODUCT_NAME = "$(TARGET_NAME)";
				SWIFT_EMIT_LOC_STRINGS = NO;
				TARGETED_DEVICE_FAMILY = "1,2";
				TEST_TARGET_NAME = "first-app";
			};
			name = Debug;
		};
		38CE6F562B65264D0030DEBB /* Release */ = {
			isa = XCBuildConfiguration;
			buildSettings = {
				CODE_SIGN_STYLE = Automatic;
				CURRENT_PROJECT_VERSION = 1;
				GENERATE_INFOPLIST_FILE = YES;
				MARKETING_VERSION = 1.0;
				PRODUCT_BUNDLE_IDENTIFIER = "songshuai.first-appUITests";
				PRODUCT_NAME = "$(TARGET_NAME)";
				SWIFT_EMIT_LOC_STRINGS = NO;
				TARGETED_DEVICE_FAMILY = "1,2";
				TEST_TARGET_NAME = "first-app";
			};
			name = Release;
		};
/* End XCBuildConfiguration section */

/* Begin XCConfigurationList section */
		38CE6F172B6526490030DEBB /* Build configuration list for PBXProject "first-app" */ = {
			isa = XCConfigurationList;
			buildConfigurations = (
				38CE6F4C2B65264D0030DEBB /* Debug */,
				38CE6F4D2B65264D0030DEBB /* Release */,
			);
			defaultConfigurationIsVisible = 0;
			defaultConfigurationName = Release;
		};
		38CE6F4E2B65264D0030DEBB /* Build configuration list for PBXNativeTarget "first-app" */ = {
			isa = XCConfigurationList;
			buildConfigurations = (
				38CE6F4F2B65264D0030DEBB /* Debug */,
				38CE6F502B65264D0030DEBB /* Release */,
			);
			defaultConfigurationIsVisible = 0;
			defaultConfigurationName = Release;
		};
		38CE6F512B65264D0030DEBB /* Build configuration list for PBXNativeTarget "first-appTests" */ = {
			isa = XCConfigurationList;
			buildConfigurations = (
				38CE6F522B65264D0030DEBB /* Debug */,
				38CE6F532B65264D0030DEBB /* Release */,
			);
			defaultConfigurationIsVisible = 0;
			defaultConfigurationName = Release;
		};
		38CE6F542B65264D0030DEBB /* Build configuration list for PBXNativeTarget "first-appUITests" */ = {
			isa = XCConfigurationList;
			buildConfigurations = (
				38CE6F552B65264D0030DEBB /* Debug */,
				38CE6F562B65264D0030DEBB /* Release */,
			);
			defaultConfigurationIsVisible = 0;
			defaultConfigurationName = Release;
		};
/* End XCConfigurationList section */
	};
	rootObject = 38CE6F142B6526490030DEBB /* Project object */;
}
